
Microsoft Visual Studio Solution File, Format Version 12.00
# Visual Studio Version 16
VisualStudioVersion = 16.0.29025.244
MinimumVisualStudioVersion = 10.0.40219.1
Project("{9A19103F-16F7-4668-BE54-9A1E7A4F7556}") = "DaHo.MyStrom", "DaHo.MyStrom\DaHo.MyStrom.csproj", "{58F398FE-7B71-459C-B96E-1FB3AB049E3B}"
EndProject
Project("{9A19103F-16F7-4668-BE54-9A1E7A4F7556}") = "DaHo.MyStrom.Testing", "DaHo.MyStrom.Testing\DaHo.MyStrom.Testing.csproj", "{14A8A264-4DE3-4B7C-BD85-54A88BB965D3}"
EndProject
Project("{FAE04EC0-301F-11D3-BF4B-00C04F79EFBC}") = "DaHo.MyStrom.Tests", "DaHo.MyStrom.Tests\DaHo.MyStrom.Tests.csproj", "{70263AD3-D8BF-4A0D-B8D9-9C66722150B6}"
EndProject
Global
	GlobalSection(SolutionConfigurationPlatforms) = preSolution
		Debug|Any CPU = Debug|Any CPU
		Release|Any CPU = Release|Any CPU
	EndGlobalSection
	GlobalSection(ProjectConfigurationPlatforms) = postSolution
		{58F398FE-7B71-459C-B96E-1FB3AB049E3B}.Debug|Any CPU.ActiveCfg = Debug|Any CPU
		{58F398FE-7B71-459C-B96E-1FB3AB049E3B}.Debug|Any CPU.Build.0 = Debug|Any CPU
		{58F398FE-7B71-459C-B96E-1FB3AB049E3B}.Release|Any CPU.ActiveCfg = Release|Any CPU
		{58F398FE-7B71-459C-B96E-1FB3AB049E3B}.Release|Any CPU.Build.0 = Release|Any CPU
		{14A8A264-4DE3-4B7C-BD85-54A88BB965D3}.Debug|Any CPU.ActiveCfg = Debug|Any CPU
		{14A8A264-4DE3-4B7C-BD85-54A88BB965D3}.Debug|Any CPU.Build.0 = Debug|Any CPU
		{14A8A264-4DE3-4B7C-BD85-54A88BB965D3}.Release|Any CPU.ActiveCfg = Release|Any CPU
		{14A8A264-4DE3-4B7C-BD85-54A88BB965D3}.Release|Any CPU.Build.0 = Release|Any CPU
		{70263AD3-D8BF-4A0D-B8D9-9C66722150B6}.Debug|Any CPU.ActiveCfg = Debug|Any CPU
		{70263AD3-D8BF-4A0D-B8D9-9C66722150B6}.Debug|Any CPU.Build.0 = Debug|Any CPU
		{70263AD3-D8BF-4A0D-B8D9-9C66722150B6}.Release|Any CPU.ActiveCfg = Release|Any CPU
		{70263AD3-D8BF-4A0D-B8D9-9C66722150B6}.Release|Any CPU.Build.0 = Release|Any CPU
	EndGlobalSection
	GlobalSection(SolutionProperties) = preSolution
		HideSolutionNode = FALSE
	EndGlobalSection
	GlobalSection(ExtensibilityGlobals) = postSolution
		SolutionGuid = {B7A58CC5-EC1F-478A-BCDE-86BA39E677CD}
	EndGlobalSection
EndGlobal
